
Microsoft Visual Studio Solution File, Format Version 12.00
# Visual Studio Version 16
VisualStudioVersion = 16.0.30611.23
MinimumVisualStudioVersion = 10.0.40219.1
Project("{9A19103F-16F7-4668-BE54-9A1E7A4F7556}") = "Puzzle01", "Puzzle01\Puzzle01.csproj", "{74893690-FE34-4D1E-907B-F108B80D160D}"
EndProject
Project("{9A19103F-16F7-4668-BE54-9A1E7A4F7556}") = "Puzzle03", "Puzzle03\Puzzle03.csproj", "{5707E09C-D74B-4FE2-A6F2-70EDBC61C501}"
EndProject
Project("{9A19103F-16F7-4668-BE54-9A1E7A4F7556}") = "Puzzle02", "Puzzle02\Puzzle02.csproj", "{5C3E5140-E484-4940-AA27-97F535378B97}"
EndProject
Project("{9A19103F-16F7-4668-BE54-9A1E7A4F7556}") = "Puzzle04", "Puzzle04\Puzzle04.csproj", "{9D9E216C-1828-4E29-B8B2-36EBCCBBF588}"
EndProject
Project("{FAE04EC0-301F-11D3-BF4B-00C04F79EFBC}") = "Puzzle05", "Puzzle05\Puzzle05.csproj", "{85CAF6C3-5CDF-43E9-8F11-1F14A0F5E2E9}"
EndProject
Global
	GlobalSection(SolutionConfigurationPlatforms) = preSolution
		Debug|Any CPU = Debug|Any CPU
		Release|Any CPU = Release|Any CPU
	EndGlobalSection
	GlobalSection(ProjectConfigurationPlatforms) = postSolution
		{74893690-FE34-4D1E-907B-F108B80D160D}.Debug|Any CPU.ActiveCfg = Debug|Any CPU
		{74893690-FE34-4D1E-907B-F108B80D160D}.Debug|Any CPU.Build.0 = Debug|Any CPU
		{74893690-FE34-4D1E-907B-F108B80D160D}.Release|Any CPU.ActiveCfg = Release|Any CPU
		{74893690-FE34-4D1E-907B-F108B80D160D}.Release|Any CPU.Build.0 = Release|Any CPU
		{5707E09C-D74B-4FE2-A6F2-70EDBC61C501}.Debug|Any CPU.ActiveCfg = Debug|Any CPU
		{5707E09C-D74B-4FE2-A6F2-70EDBC61C501}.Debug|Any CPU.Build.0 = Debug|Any CPU
		{5707E09C-D74B-4FE2-A6F2-70EDBC61C501}.Release|Any CPU.ActiveCfg = Release|Any CPU
		{5707E09C-D74B-4FE2-A6F2-70EDBC61C501}.Release|Any CPU.Build.0 = Release|Any CPU
		{5C3E5140-E484-4940-AA27-97F535378B97}.Debug|Any CPU.ActiveCfg = Debug|Any CPU
		{5C3E5140-E484-4940-AA27-97F535378B97}.Debug|Any CPU.Build.0 = Debug|Any CPU
		{5C3E5140-E484-4940-AA27-97F535378B97}.Release|Any CPU.ActiveCfg = Release|Any CPU
		{5C3E5140-E484-4940-AA27-97F535378B97}.Release|Any CPU.Build.0 = Release|Any CPU
		{9D9E216C-1828-4E29-B8B2-36EBCCBBF588}.Debug|Any CPU.ActiveCfg = Debug|Any CPU
		{9D9E216C-1828-4E29-B8B2-36EBCCBBF588}.Debug|Any CPU.Build.0 = Debug|Any CPU
		{9D9E216C-1828-4E29-B8B2-36EBCCBBF588}.Release|Any CPU.ActiveCfg = Release|Any CPU
		{9D9E216C-1828-4E29-B8B2-36EBCCBBF588}.Release|Any CPU.Build.0 = Release|Any CPU
		{85CAF6C3-5CDF-43E9-8F11-1F14A0F5E2E9}.Debug|Any CPU.ActiveCfg = Debug|Any CPU
		{85CAF6C3-5CDF-43E9-8F11-1F14A0F5E2E9}.Debug|Any CPU.Build.0 = Debug|Any CPU
		{85CAF6C3-5CDF-43E9-8F11-1F14A0F5E2E9}.Release|Any CPU.ActiveCfg = Release|Any CPU
		{85CAF6C3-5CDF-43E9-8F11-1F14A0F5E2E9}.Release|Any CPU.Build.0 = Release|Any CPU
	EndGlobalSection
	GlobalSection(SolutionProperties) = preSolution
		HideSolutionNode = FALSE
	EndGlobalSection
	GlobalSection(ExtensibilityGlobals) = postSolution
		SolutionGuid = {67D6D604-48DC-41A9-A834-D9DFAEE33700}
	EndGlobalSection
EndGlobal
